
Microsoft Visual Studio Solution File, Format Version 12.00
# Visual Studio Version 16
VisualStudioVersion = 16.0.29411.108
MinimumVisualStudioVersion = 10.0.40219.1
Project("{FAE04EC0-301F-11D3-BF4B-00C04F79EFBC}") = "WEBBLOG", "WEBBLOG\WEBBLOG.csproj", "{B50C82C8-8793-4D4F-B141-B5ED925EBB2A}"
EndProject
Global
	GlobalSection(SolutionConfigurationPlatforms) = preSolution
		Debug|Any CPU = Debug|Any CPU
		Release|Any CPU = Release|Any CPU
	EndGlobalSection
	GlobalSection(ProjectConfigurationPlatforms) = postSolution
		{B50C82C8-8793-4D4F-B141-B5ED925EBB2A}.Debug|Any CPU.ActiveCfg = Debug|Any CPU
		{B50C82C8-8793-4D4F-B141-B5ED925EBB2A}.Debug|Any CPU.Build.0 = Debug|Any CPU
		{B50C82C8-8793-4D4F-B141-B5ED925EBB2A}.Release|Any CPU.ActiveCfg = Release|Any CPU
		{B50C82C8-8793-4D4F-B141-B5ED925EBB2A}.Release|Any CPU.Build.0 = Release|Any CPU
	EndGlobalSection
	GlobalSection(SolutionProperties) = preSolution
		HideSolutionNode = FALSE
	EndGlobalSection
	GlobalSection(ExtensibilityGlobals) = postSolution
		SolutionGuid = {EAAA1AA7-E8B8-403F-907E-380C904192DD}
	EndGlobalSection
EndGlobal
